<Project xmlns="http://schemas.microsoft.com/developer/msbuild/2003">
    <PropertyGroup>
        <ProjectGuid>{23661C18-0FE7-4616-B8BF-6C8A00585756}</ProjectGuid>
        <MainSource>TWXP.dpr</MainSource>
        <Base>True</Base>
        <Config Condition="'$(Config)'==''">Debug</Config>
        <TargetedPlatforms>1</TargetedPlatforms>
        <AppType>Application</AppType>
        <FrameworkType>VCL</FrameworkType>
        <ProjectVersion>19.2</ProjectVersion>
        <Platform Condition="'$(Platform)'==''">Win32</Platform>
    </PropertyGroup>
    <PropertyGroup Condition="'$(Config)'=='Base' or '$(Base)'!=''">
        <Base>true</Base>
    </PropertyGroup>
    <PropertyGroup Condition="('$(Platform)'=='Win32' and '$(Base)'=='true') or '$(Base_Win32)'!=''">
        <Base_Win32>true</Base_Win32>
        <CfgParent>Base</CfgParent>
        <Base>true</Base>
    </PropertyGroup>
    <PropertyGroup Condition="('$(Platform)'=='Win64' and '$(Base)'=='true') or '$(Base_Win64)'!=''">
        <Base_Win64>true</Base_Win64>
        <CfgParent>Base</CfgParent>
        <Base>true</Base>
    </PropertyGroup>
    <PropertyGroup Condition="'$(Config)'=='Release' or '$(Cfg_1)'!=''">
        <Cfg_1>true</Cfg_1>
        <CfgParent>Base</CfgParent>
        <Base>true</Base>
    </PropertyGroup>
    <PropertyGroup Condition="('$(Platform)'=='Win32' and '$(Cfg_1)'=='true') or '$(Cfg_1_Win32)'!=''">
        <Cfg_1_Win32>true</Cfg_1_Win32>
        <CfgParent>Cfg_1</CfgParent>
        <Cfg_1>true</Cfg_1>
        <Base>true</Base>
    </PropertyGroup>
    <PropertyGroup Condition="'$(Config)'=='Debug' or '$(Cfg_2)'!=''">
        <Cfg_2>true</Cfg_2>
        <CfgParent>Base</CfgParent>
        <Base>true</Base>
    </PropertyGroup>
    <PropertyGroup Condition="('$(Platform)'=='Win32' and '$(Cfg_2)'=='true') or '$(Cfg_2_Win32)'!=''">
        <Cfg_2_Win32>true</Cfg_2_Win32>
        <CfgParent>Cfg_2</CfgParent>
        <Cfg_2>true</Cfg_2>
        <Base>true</Base>
    </PropertyGroup>
    <PropertyGroup Condition="'$(Base)'!=''">
        <DCC_AssertionsAtRuntime>false</DCC_AssertionsAtRuntime>
        <DCC_DebugInformation>1</DCC_DebugInformation>
        <DCC_E>false</DCC_E>
        <DCC_F>false</DCC_F>
        <DCC_IOChecking>false</DCC_IOChecking>
        <DCC_WriteableConstants>true</DCC_WriteableConstants>
        <DCC_K>false</DCC_K>
        <DCC_N>true</DCC_N>
        <DCC_Optimize>false</DCC_Optimize>
        <DCC_OpenStringParams>false</DCC_OpenStringParams>
        <DCC_S>false</DCC_S>
        <DCC_GenerateStackFrames>true</DCC_GenerateStackFrames>
        <DCC_SymbolReferenceInfo>0</DCC_SymbolReferenceInfo>
        <DCC_MapFile>3</DCC_MapFile>
        <DCC_ImageBase>04400000</DCC_ImageBase>
        <DCC_ExeOutput>C:\TWXP</DCC_ExeOutput>
        <DCC_DcuOutput>C:\TWXP\DCU</DCC_DcuOutput>
        <DCC_UsePackage>vclx;vcl;rtl;dbrtl;vcldb;dbxcds;dbexpress;xmlrtl;vclie;inet;inetdbbde;inetdbxpress;dsnap;adortl;dclOfficeXP;soaprtl;vclactnband;bdertl;vcldbx;$(DCC_UsePackage)</DCC_UsePackage>
        <DCC_Define>DEBUG;MANIAC_DEBUG;$(DCC_Define)</DCC_Define>
        <DCC_SYMBOL_DEPRECATED>false</DCC_SYMBOL_DEPRECATED>
        <DCC_SYMBOL_PLATFORM>false</DCC_SYMBOL_PLATFORM>
        <DCC_UNIT_PLATFORM>false</DCC_UNIT_PLATFORM>
        <SanitizedProjectName>TWXP</SanitizedProjectName>
        <DCC_Namespace>Vcl;Vcl.Imaging;Vcl.Touch;Vcl.Samples;Vcl.Shell;System;Xml;Data;Datasnap;Web;Soap;Winapi;System.Win;$(DCC_Namespace)</DCC_Namespace>
        <VerInfo_MajorVer>2</VerInfo_MajorVer>
        <VerInfo_MinorVer>6</VerInfo_MinorVer>
        <VerInfo_Release>1</VerInfo_Release>
        <VerInfo_Build>1</VerInfo_Build>
        <VerInfo_Locale>1033</VerInfo_Locale>
        <VerInfo_Keys>CompanyName=;FileDescription=TWXP;FileVersion=;InternalName=;LegalCopyright=;LegalTrademarks=;OriginalFilename=;ProductName=TWXProxy;ProductVersion=;Comments=;ProgramID=com.embarcadero.TWXProxy</VerInfo_Keys>
    </PropertyGroup>
    <PropertyGroup Condition="'$(Base_Win32)'!=''">
        <DCC_Namespace>Winapi;System.Win;Data.Win;Datasnap.Win;Web.Win;Soap.Win;Xml.Win;Bde;$(DCC_Namespace)</DCC_Namespace>
        <BT_BuildType>Debug</BT_BuildType>
        <VerInfo_IncludeVerInfo>true</VerInfo_IncludeVerInfo>
        <VerInfo_Keys>CompanyName=;FileDescription=$(MSBuildProjectName);FileVersion=1.0.0.0;InternalName=;LegalCopyright=;LegalTrademarks=;OriginalFilename=;ProductName=$(MSBuildProjectName);ProductVersion=1.0.0.0;Comments=;ProgramID=com.embarcadero.$(MSBuildProjectName)</VerInfo_Keys>
        <VerInfo_Locale>1033</VerInfo_Locale>
        <Manifest_File>$(BDS)\bin\default_app.manifest</Manifest_File>
        <Icon_MainIcon>TWXP_Icon.ico</Icon_MainIcon>
        <AppEnableRuntimeThemes>true</AppEnableRuntimeThemes>
        <UWP_DelphiLogo44>$(BDS)\bin\Artwork\Windows\UWP\delphi_UwpDefault_44.png</UWP_DelphiLogo44>
        <UWP_DelphiLogo150>$(BDS)\bin\Artwork\Windows\UWP\delphi_UwpDefault_150.png</UWP_DelphiLogo150>
    </PropertyGroup>
    <PropertyGroup Condition="'$(Base_Win64)'!=''">
        <Icon_MainIcon>TWXP_Icon.ico</Icon_MainIcon>
        <UWP_DelphiLogo44>$(BDS)\bin\Artwork\Windows\UWP\delphi_UwpDefault_44.png</UWP_DelphiLogo44>
        <UWP_DelphiLogo150>$(BDS)\bin\Artwork\Windows\UWP\delphi_UwpDefault_150.png</UWP_DelphiLogo150>
    </PropertyGroup>
    <PropertyGroup Condition="'$(Cfg_1)'!=''">
        <DCC_Define>RELEASE;$(DCC_Define)</DCC_Define>
        <DCC_DebugInformation>0</DCC_DebugInformation>
        <DCC_LocalDebugSymbols>false</DCC_LocalDebugSymbols>
    </PropertyGroup>
    <PropertyGroup Condition="'$(Cfg_1_Win32)'!=''">
        <AppEnableRuntimeThemes>true</AppEnableRuntimeThemes>
        <AppDPIAwarenessMode>PerMonitorV2</AppDPIAwarenessMode>
    </PropertyGroup>
    <PropertyGroup Condition="'$(Cfg_2_Win32)'!=''">
        <AppEnableRuntimeThemes>true</AppEnableRuntimeThemes>
        <AppDPIAwarenessMode>PerMonitorV2</AppDPIAwarenessMode>
    </PropertyGroup>
    <ItemGroup>
        <DelphiCompile Include="$(MainSource)">
            <MainSource>MainSource</MainSource>
        </DelphiCompile>
        <DCCReference Include="FormMain.pas">
            <Form>frmMain</Form>
        </DCCReference>
        <DCCReference Include="FormSetup.pas">
            <Form>frmSetup</Form>
        </DCCReference>
        <DCCReference Include="Process.pas"/>
        <DCCReference Include="Script.pas"/>
        <DCCReference Include="Menu.pas"/>
        <DCCReference Include="Database.pas"/>
        <DCCReference Include="Utility.pas"/>
        <DCCReference Include="FormHistory.pas">
            <Form>frmHistory</Form>
        </DCCReference>
        <DCCReference Include="Bubble.pas"/>
        <DCCReference Include="Log.pas"/>
        <DCCReference Include="ScriptCmd.pas"/>
        <DCCReference Include="TWXExport.pas"/>
        <DCCReference Include="ScriptCmp.pas"/>
        <DCCReference Include="Ansi.pas"/>
        <DCCReference Include="ScriptRef.pas"/>
        <DCCReference Include="FormAbout.pas">
            <Form>frmAbout</Form>
        </DCCReference>
        <DCCReference Include="TCP.pas"/>
        <DCCReference Include="FormScript.pas"/>
        <DCCReference Include="core.pas"/>
        <DCCReference Include="Global.pas"/>
        <DCCReference Include="Persistence.pas"/>
        <DCCReference Include="GUI.pas"/>
        <DCCReference Include="Observer.pas"/>
        <DCCReference Include="Encryptor.pas"/>
        <None Include="ModelSupport_TWXP\default.txaPackage"/>
        <None Include="ModelSupport_TWXP\Global\default.txaPackage"/>
        <None Include="ModelSupport_TWXP\Process\default.txaPackage"/>
        <None Include="ModelSupport_TWXP\Bubble\default.txaPackage"/>
        <None Include="ModelSupport_TWXP\Core\default.txaPackage"/>
        <None Include="ModelSupport_TWXP\ScriptCmd\default.txaPackage"/>
        <None Include="ModelSupport_TWXP\TWXExport\default.txaPackage"/>
        <None Include="ModelSupport_TWXP\Script\default.txaPackage"/>
        <None Include="ModelSupport_TWXP\Utility\default.txaPackage"/>
        <None Include="ModelSupport_TWXP\TWXProxy\default.txaPackage"/>
        <None Include="ModelSupport_TWXP\FormHistory\default.txaPackage"/>
        <None Include="ModelSupport_TWXP\DataBase\default.txaPackage"/>
        <None Include="ModelSupport_TWXP\TCP\default.txaPackage"/>
        <None Include="ModelSupport_TWXP\ScriptCmp\default.txaPackage"/>
        <None Include="ModelSupport_TWXP\FormSetup\default.txaPackage"/>
        <None Include="ModelSupport_TWXP\Menu\default.txaPackage"/>
        <None Include="ModelSupport_TWXP\FormScript\default.txaPackage"/>
        <None Include="ModelSupport_TWXP\FormAbout\default.txaPackage"/>
        <None Include="ModelSupport_TWXP\FormMain\default.txaPackage"/>
        <None Include="ModelSupport_TWXP\Ansi\default.txaPackage"/>
        <None Include="ModelSupport_TWXP\GUI\default.txaPackage"/>
        <None Include="ModelSupport_TWXP\Observer\default.txaPackage"/>
        <None Include="ModelSupport_TWXP\Persistence\default.txaPackage"/>
        <None Include="ModelSupport_TWXP\ScriptRef\default.txaPackage"/>
        <None Include="ModelSupport_TWXP\Log\default.txaPackage"/>
        <None Include="ModelSupport_TWXP\default.txvpck"/>
        <BuildConfiguration Include="Debug">
            <Key>Cfg_2</Key>
            <CfgParent>Base</CfgParent>
        </BuildConfiguration>
        <BuildConfiguration Include="Base">
            <Key>Base</Key>
        </BuildConfiguration>
        <BuildConfiguration Include="Release">
            <Key>Cfg_1</Key>
            <CfgParent>Base</CfgParent>
        </BuildConfiguration>
    </ItemGroup>
    <ProjectExtensions>
        <Borland.Personality>Delphi.Personality.12</Borland.Personality>
        <Borland.ProjectType>VCLApplication</Borland.ProjectType>
        <BorlandProject>
            <Delphi.Personality>
                <Source>
                    <Source Name="MainSource">TWXP.dpr</Source>
                </Source>
                <Excluded_Packages>
                    <Excluded_Packages Name="c:\program files (x86)\borland\bds\4.0\Bin\dclib100.bpl">Borland InterBase Express Components</Excluded_Packages>
                    <Excluded_Packages Name="c:\program files (x86)\borland\bds\4.0\Bin\dclIntraweb_80_100.bpl">Intraweb 8.0 Design Package for Borland Development Studio 2006</Excluded_Packages>
                    <Excluded_Packages Name="c:\program files (x86)\borland\bds\4.0\Bin\dclIndyCore100.bpl">Indy 10 Core Design Time</Excluded_Packages>
                    <Excluded_Packages Name="c:\program files (x86)\borland\bds\4.0\Bin\dclsmp100.bpl">Borland Sample Components</Excluded_Packages>
                    <Excluded_Packages Name="c:\program files (x86)\borland\bds\4.0\Bin\dclIndyProtocols100.bpl">Indy 10 Protocols Design Time</Excluded_Packages>
                    <Excluded_Packages Name="c:\program files (x86)\borland\bds\4.0\Bin\dcltee100.bpl">TeeChart Components</Excluded_Packages>
                </Excluded_Packages>
            </Delphi.Personality>
            <Platforms>
                <Platform value="Win32">True</Platform>
                <Platform value="Win64">False</Platform>
            </Platforms>
        </BorlandProject>
        <ProjectFileVersion>12</ProjectFileVersion>
    </ProjectExtensions>
    <Import Project="$(BDS)\Bin\CodeGear.Delphi.Targets" Condition="Exists('$(BDS)\Bin\CodeGear.Delphi.Targets')"/>
    <Import Project="$(APPDATA)\Embarcadero\$(BDSAPPDATABASEDIR)\$(PRODUCTVERSION)\UserTools.proj" Condition="Exists('$(APPDATA)\Embarcadero\$(BDSAPPDATABASEDIR)\$(PRODUCTVERSION)\UserTools.proj')"/>
</Project>
