
Microsoft Visual Studio Solution File, Format Version 12.00
# Visual Studio 15
VisualStudioVersion = 15.0.26430.13
MinimumVisualStudioVersion = 10.0.40219.1
Project("{FAE04EC0-301F-11D3-BF4B-00C04F79EFBC}") = "ProjectTemplate", "Source\TScript\ProjectTemplate\ProjectTemplate.csproj", "{651EBED8-058E-4104-A3B5-2E06330822F2}"
EndProject
Project("{2150E333-8FDC-42A3-9474-1A3956D46DE8}") = "TWXProxy", "TWXProxy", "{0B71F460-A6F6-4609-8687-8C11EAE558B0}"
EndProject
Project("{2150E333-8FDC-42A3-9474-1A3956D46DE8}") = "TScript", "TScript", "{136F65CD-CA75-4AFF-B330-A4412583B481}"
EndProject
Project("{FAE04EC0-301F-11D3-BF4B-00C04F79EFBC}") = "ProjectType", "Source\TScript\ProjectType\ProjectType.csproj", "{D14ED547-03FF-4195-A5A0-2107C033C2EF}"
EndProject
Global
	GlobalSection(SolutionConfigurationPlatforms) = preSolution
		Debug|Any CPU = Debug|Any CPU
		Release|Any CPU = Release|Any CPU
	EndGlobalSection
	GlobalSection(ProjectConfigurationPlatforms) = postSolution
		{651EBED8-058E-4104-A3B5-2E06330822F2}.Debug|Any CPU.ActiveCfg = Debug|Any CPU
		{651EBED8-058E-4104-A3B5-2E06330822F2}.Debug|Any CPU.Build.0 = Debug|Any CPU
		{651EBED8-058E-4104-A3B5-2E06330822F2}.Release|Any CPU.ActiveCfg = Release|Any CPU
		{651EBED8-058E-4104-A3B5-2E06330822F2}.Release|Any CPU.Build.0 = Release|Any CPU
		{D14ED547-03FF-4195-A5A0-2107C033C2EF}.Debug|Any CPU.ActiveCfg = Debug|Any CPU
		{D14ED547-03FF-4195-A5A0-2107C033C2EF}.Debug|Any CPU.Build.0 = Debug|Any CPU
		{D14ED547-03FF-4195-A5A0-2107C033C2EF}.Release|Any CPU.ActiveCfg = Release|Any CPU
		{D14ED547-03FF-4195-A5A0-2107C033C2EF}.Release|Any CPU.Build.0 = Release|Any CPU
	EndGlobalSection
	GlobalSection(SolutionProperties) = preSolution
		HideSolutionNode = FALSE
	EndGlobalSection
	GlobalSection(NestedProjects) = preSolution
		{651EBED8-058E-4104-A3B5-2E06330822F2} = {136F65CD-CA75-4AFF-B330-A4412583B481}
		{D14ED547-03FF-4195-A5A0-2107C033C2EF} = {136F65CD-CA75-4AFF-B330-A4412583B481}
	EndGlobalSection
EndGlobal
