
Microsoft Visual Studio Solution File, Format Version 12.00
# Visual Studio 15
VisualStudioVersion = 15.0.26730.10
MinimumVisualStudioVersion = 10.0.40219.1
Project("{2150E333-8FDC-42A3-9474-1A3956D46DE8}") = "TWXProxy", "TWXProxy", "{0B71F460-A6F6-4609-8687-8C11EAE558B0}"
EndProject
Project("{2150E333-8FDC-42A3-9474-1A3956D46DE8}") = "VisualTS", "VisualTS", "{136F65CD-CA75-4AFF-B330-A4412583B481}"
EndProject
Project("{2150E333-8FDC-42A3-9474-1A3956D46DE8}") = "Installer", "Installer", "{E9AF1227-CC2A-45C2-9EDF-BCBDB57D580B}"
EndProject
Project("{2150E333-8FDC-42A3-9474-1A3956D46DE8}") = "Commander", "Commander", "{6803FEA8-762D-43BC-A397-B9A343066339}"
EndProject
Project("{FAE04EC0-301F-11D3-BF4B-00C04F79EFBC}") = "Commander", "Source\Commander\Commander.csproj", "{5E087DAA-D0D1-44BA-90D8-ABB05432AAA0}"
EndProject
Global
	GlobalSection(SolutionConfigurationPlatforms) = preSolution
		Debug|Any CPU = Debug|Any CPU
		Release|Any CPU = Release|Any CPU
	EndGlobalSection
	GlobalSection(ProjectConfigurationPlatforms) = postSolution
		{5E087DAA-D0D1-44BA-90D8-ABB05432AAA0}.Debug|Any CPU.ActiveCfg = Debug|Any CPU
		{5E087DAA-D0D1-44BA-90D8-ABB05432AAA0}.Debug|Any CPU.Build.0 = Debug|Any CPU
		{5E087DAA-D0D1-44BA-90D8-ABB05432AAA0}.Release|Any CPU.ActiveCfg = Release|Any CPU
		{5E087DAA-D0D1-44BA-90D8-ABB05432AAA0}.Release|Any CPU.Build.0 = Release|Any CPU
	EndGlobalSection
	GlobalSection(SolutionProperties) = preSolution
		HideSolutionNode = FALSE
	EndGlobalSection
	GlobalSection(NestedProjects) = preSolution
		{5E087DAA-D0D1-44BA-90D8-ABB05432AAA0} = {6803FEA8-762D-43BC-A397-B9A343066339}
	EndGlobalSection
	GlobalSection(ExtensibilityGlobals) = postSolution
		SolutionGuid = {53CC47FC-96D0-4264-8FBE-14C7C5CA2776}
	EndGlobalSection
EndGlobal
