
Microsoft Visual Studio Solution File, Format Version 12.00
# Visual Studio Version 17
VisualStudioVersion = 17.4.33122.133
MinimumVisualStudioVersion = 10.0.40219.1
Project("{2150E333-8FDC-42A3-9474-1A3956D46DE8}") = "TWXP27", "TWXP27", "{058E18A3-706F-48F2-9D34-2447E63145BC}"
EndProject
Project("{2150E333-8FDC-42A3-9474-1A3956D46DE8}") = "Mom48", "Mom48", "{A4E0D246-996F-4BCF-9B71-516870F2DBF1}"
EndProject
Project("{930C7802-8A8C-48F9-8165-68863BCCD9DD}") = "Installer", "Source\Installer\MOM48\Installer.wixproj", "{A62882BE-9C83-4DF3-BC92-9375B55707EB}"
EndProject
Project("{2150E333-8FDC-42A3-9474-1A3956D46DE8}") = "Zed25", "Zed25", "{26B6829C-A134-4201-8D8D-B594930B94A6}"
EndProject
Project("{930C7802-8A8C-48F9-8165-68863BCCD9DD}") = "Installer", "Source\Installer\ZED25\Installer.wixproj", "{C9ABA1B9-BE18-4346-AB9E-474529BEA210}"
EndProject
Project("{2150E333-8FDC-42A3-9474-1A3956D46DE8}") = "TWXS27", "TWXS27", "{5CAB06CE-A9E1-499A-90E5-AE0634B07226}"
EndProject
Project("{930C7802-8A8C-48F9-8165-68863BCCD9DD}") = "Installer", "Source\Installer\TWXP27\Installer.wixproj", "{1CE35394-0421-448C-BF9C-12F60C832CD2}"
EndProject
Project("{930C7802-8A8C-48F9-8165-68863BCCD9DD}") = "Installer", "Source\Installer\TWXS27\Installer.wixproj", "{1398F91E-E832-4811-86F5-74BB02216D72}"
EndProject
Global
	GlobalSection(SolutionConfigurationPlatforms) = preSolution
		Debug|x86 = Debug|x86
		Release|x86 = Release|x86
	EndGlobalSection
	GlobalSection(ProjectConfigurationPlatforms) = postSolution
		{A62882BE-9C83-4DF3-BC92-9375B55707EB}.Debug|x86.ActiveCfg = Debug|x86
		{A62882BE-9C83-4DF3-BC92-9375B55707EB}.Debug|x86.Build.0 = Debug|x86
		{A62882BE-9C83-4DF3-BC92-9375B55707EB}.Release|x86.ActiveCfg = Release|x86
		{A62882BE-9C83-4DF3-BC92-9375B55707EB}.Release|x86.Build.0 = Release|x86
		{C9ABA1B9-BE18-4346-AB9E-474529BEA210}.Debug|x86.ActiveCfg = Debug|x86
		{C9ABA1B9-BE18-4346-AB9E-474529BEA210}.Debug|x86.Build.0 = Debug|x86
		{C9ABA1B9-BE18-4346-AB9E-474529BEA210}.Release|x86.ActiveCfg = Release|x86
		{C9ABA1B9-BE18-4346-AB9E-474529BEA210}.Release|x86.Build.0 = Release|x86
		{1CE35394-0421-448C-BF9C-12F60C832CD2}.Debug|x86.ActiveCfg = Debug|x86
		{1CE35394-0421-448C-BF9C-12F60C832CD2}.Debug|x86.Build.0 = Debug|x86
		{1CE35394-0421-448C-BF9C-12F60C832CD2}.Release|x86.ActiveCfg = Release|x86
		{1CE35394-0421-448C-BF9C-12F60C832CD2}.Release|x86.Build.0 = Release|x86
		{1398F91E-E832-4811-86F5-74BB02216D72}.Debug|x86.ActiveCfg = Debug|x86
		{1398F91E-E832-4811-86F5-74BB02216D72}.Debug|x86.Build.0 = Debug|x86
		{1398F91E-E832-4811-86F5-74BB02216D72}.Release|x86.ActiveCfg = Release|x86
		{1398F91E-E832-4811-86F5-74BB02216D72}.Release|x86.Build.0 = Release|x86
	EndGlobalSection
	GlobalSection(SolutionProperties) = preSolution
		HideSolutionNode = FALSE
	EndGlobalSection
	GlobalSection(NestedProjects) = preSolution
		{A62882BE-9C83-4DF3-BC92-9375B55707EB} = {A4E0D246-996F-4BCF-9B71-516870F2DBF1}
		{C9ABA1B9-BE18-4346-AB9E-474529BEA210} = {26B6829C-A134-4201-8D8D-B594930B94A6}
		{1CE35394-0421-448C-BF9C-12F60C832CD2} = {058E18A3-706F-48F2-9D34-2447E63145BC}
		{1398F91E-E832-4811-86F5-74BB02216D72} = {5CAB06CE-A9E1-499A-90E5-AE0634B07226}
	EndGlobalSection
	GlobalSection(ExtensibilityGlobals) = postSolution
		SolutionGuid = {5FA0C678-9E12-4729-A7EE-1094EADEA0A2}
	EndGlobalSection
EndGlobal
