
Microsoft Visual Studio Solution File, Format Version 12.00
# Visual Studio 15
VisualStudioVersion = 15.0.26430.13
MinimumVisualStudioVersion = 10.0.40219.1
Project("{2150E333-8FDC-42A3-9474-1A3956D46DE8}") = "ZedBot2", "ZedBot2", "{19444070-2BFA-4638-9FED-5228E7210FE6}"
EndProject
Project("{2150E333-8FDC-42A3-9474-1A3956D46DE8}") = "TWXProxy", "TWXProxy", "{C21C482C-CF80-4C14-920A-B518345A4E33}"
EndProject
Project("{2150E333-8FDC-42A3-9474-1A3956D46DE8}") = "VSIX-TS", "VSIX-TS", "{179C8D65-29B6-45B1-B08D-109D6D6398CC}"
EndProject
Project("{FAE04EC0-301F-11D3-BF4B-00C04F79EFBC}") = "VSIX-TS", "Source\TWXProxy\VSIX-TS\VSIX-TS.csproj", "{B3BCBE9A-9FE5-485B-9886-309B65EE91A6}"
EndProject
Global
	GlobalSection(SolutionConfigurationPlatforms) = preSolution
		Debug|Any CPU = Debug|Any CPU
		Release|Any CPU = Release|Any CPU
	EndGlobalSection
	GlobalSection(ProjectConfigurationPlatforms) = postSolution
		{B3BCBE9A-9FE5-485B-9886-309B65EE91A6}.Debug|Any CPU.ActiveCfg = Debug|Any CPU
		{B3BCBE9A-9FE5-485B-9886-309B65EE91A6}.Debug|Any CPU.Build.0 = Debug|Any CPU
		{B3BCBE9A-9FE5-485B-9886-309B65EE91A6}.Release|Any CPU.ActiveCfg = Release|Any CPU
		{B3BCBE9A-9FE5-485B-9886-309B65EE91A6}.Release|Any CPU.Build.0 = Release|Any CPU
	EndGlobalSection
	GlobalSection(SolutionProperties) = preSolution
		HideSolutionNode = FALSE
	EndGlobalSection
	GlobalSection(NestedProjects) = preSolution
		{179C8D65-29B6-45B1-B08D-109D6D6398CC} = {C21C482C-CF80-4C14-920A-B518345A4E33}
		{B3BCBE9A-9FE5-485B-9886-309B65EE91A6} = {179C8D65-29B6-45B1-B08D-109D6D6398CC}
	EndGlobalSection
EndGlobal
