Microsoft Visual Studio Solution File, Format Version 12.00
# Visual Studio Version 17
VisualStudioVersion = 17.5.2.0
MinimumVisualStudioVersion = 10.0.40219.1
Project("{FAE04EC0-301F-11D3-BF4B-00C04F79EFBC}") = "TWXC", "TWXC.csproj", "{A70082E0-C2B0-BB08-7055-F71605595A12}"
EndProject
Global
	GlobalSection(SolutionConfigurationPlatforms) = preSolution
		Debug|Any CPU = Debug|Any CPU
		Release|Any CPU = Release|Any CPU
	EndGlobalSection
	GlobalSection(ProjectConfigurationPlatforms) = postSolution
		{A70082E0-C2B0-BB08-7055-F71605595A12}.Debug|Any CPU.ActiveCfg = Debug|Any CPU
		{A70082E0-C2B0-BB08-7055-F71605595A12}.Debug|Any CPU.Build.0 = Debug|Any CPU
		{A70082E0-C2B0-BB08-7055-F71605595A12}.Release|Any CPU.ActiveCfg = Release|Any CPU
		{A70082E0-C2B0-BB08-7055-F71605595A12}.Release|Any CPU.Build.0 = Release|Any CPU
	EndGlobalSection
	GlobalSection(SolutionProperties) = preSolution
		HideSolutionNode = FALSE
	EndGlobalSection
	GlobalSection(ExtensibilityGlobals) = postSolution
		SolutionGuid = {F9CFF728-4BB8-4E46-A7F7-0B0BEE27E568}
	EndGlobalSection
EndGlobal
