
Microsoft Visual Studio Solution File, Format Version 12.00
# Visual Studio Version 17
VisualStudioVersion = 17.0.31903.59
MinimumVisualStudioVersion = 10.0.40219.1
Project("{FAE04EC0-301F-11D3-BF4B-00C04F79EFBC}") = "TWXProxy", "TWXProxy.csproj", "{9A19103F-16F7-4668-BE54-9A1E7A4F7556}"
EndProject
Project("{FAE04EC0-301F-11D3-BF4B-00C04F79EFBC}") = "MTC", "MTC\MTC.csproj", "{F4590CBD-7D83-4FC7-A4BA-3F862F5E5073}"
EndProject
Project("{FAE04EC0-301F-11D3-BF4B-00C04F79EFBC}") = "TWXC", "TWXC\TWXC.csproj", "{B6CFB4A1-5845-4C63-8D17-00DC9E2D4EFA}"
EndProject
Project("{FAE04EC0-301F-11D3-BF4B-00C04F79EFBC}") = "TWXD", "TWXD\TWXD.csproj", "{DB2B7880-EB38-4CBA-97B0-27DF4B4575B4}"
EndProject
Project("{FAE04EC0-301F-11D3-BF4B-00C04F79EFBC}") = "TWXCourseBench", "TWXCourseBench\TWXCourseBench.csproj", "{39DE60AB-5CBB-4F64-8DC9-3172E1DD2203}"
EndProject
Global
	GlobalSection(SolutionConfigurationPlatforms) = preSolution
		Debug|Any CPU = Debug|Any CPU
		Debug|x64 = Debug|x64
		Debug|x86 = Debug|x86
		Release|Any CPU = Release|Any CPU
		Release|x64 = Release|x64
		Release|x86 = Release|x86
	EndGlobalSection
	GlobalSection(ProjectConfigurationPlatforms) = postSolution
		{9A19103F-16F7-4668-BE54-9A1E7A4F7556}.Debug|Any CPU.ActiveCfg = Debug|Any CPU
		{9A19103F-16F7-4668-BE54-9A1E7A4F7556}.Debug|Any CPU.Build.0 = Debug|Any CPU
		{9A19103F-16F7-4668-BE54-9A1E7A4F7556}.Debug|x64.ActiveCfg = Debug|Any CPU
		{9A19103F-16F7-4668-BE54-9A1E7A4F7556}.Debug|x64.Build.0 = Debug|Any CPU
		{9A19103F-16F7-4668-BE54-9A1E7A4F7556}.Debug|x86.ActiveCfg = Debug|Any CPU
		{9A19103F-16F7-4668-BE54-9A1E7A4F7556}.Debug|x86.Build.0 = Debug|Any CPU
		{9A19103F-16F7-4668-BE54-9A1E7A4F7556}.Release|Any CPU.ActiveCfg = Release|Any CPU
		{9A19103F-16F7-4668-BE54-9A1E7A4F7556}.Release|Any CPU.Build.0 = Release|Any CPU
		{9A19103F-16F7-4668-BE54-9A1E7A4F7556}.Release|x64.ActiveCfg = Release|Any CPU
		{9A19103F-16F7-4668-BE54-9A1E7A4F7556}.Release|x64.Build.0 = Release|Any CPU
		{9A19103F-16F7-4668-BE54-9A1E7A4F7556}.Release|x86.ActiveCfg = Release|Any CPU
		{9A19103F-16F7-4668-BE54-9A1E7A4F7556}.Release|x86.Build.0 = Release|Any CPU
		{F4590CBD-7D83-4FC7-A4BA-3F862F5E5073}.Debug|Any CPU.ActiveCfg = Debug|Any CPU
		{F4590CBD-7D83-4FC7-A4BA-3F862F5E5073}.Debug|x64.ActiveCfg = Debug|Any CPU
		{F4590CBD-7D83-4FC7-A4BA-3F862F5E5073}.Debug|x64.Build.0 = Debug|Any CPU
		{F4590CBD-7D83-4FC7-A4BA-3F862F5E5073}.Debug|x86.ActiveCfg = Debug|Any CPU
		{F4590CBD-7D83-4FC7-A4BA-3F862F5E5073}.Debug|x86.Build.0 = Debug|Any CPU
		{F4590CBD-7D83-4FC7-A4BA-3F862F5E5073}.Release|Any CPU.ActiveCfg = Release|Any CPU
		{F4590CBD-7D83-4FC7-A4BA-3F862F5E5073}.Release|x64.ActiveCfg = Release|Any CPU
		{F4590CBD-7D83-4FC7-A4BA-3F862F5E5073}.Release|x64.Build.0 = Release|Any CPU
		{F4590CBD-7D83-4FC7-A4BA-3F862F5E5073}.Release|x86.ActiveCfg = Release|Any CPU
		{F4590CBD-7D83-4FC7-A4BA-3F862F5E5073}.Release|x86.Build.0 = Release|Any CPU
		{B6CFB4A1-5845-4C63-8D17-00DC9E2D4EFA}.Debug|Any CPU.ActiveCfg = Debug|Any CPU
		{B6CFB4A1-5845-4C63-8D17-00DC9E2D4EFA}.Debug|Any CPU.Build.0 = Debug|Any CPU
		{B6CFB4A1-5845-4C63-8D17-00DC9E2D4EFA}.Debug|x64.ActiveCfg = Debug|Any CPU
		{B6CFB4A1-5845-4C63-8D17-00DC9E2D4EFA}.Debug|x64.Build.0 = Debug|Any CPU
		{B6CFB4A1-5845-4C63-8D17-00DC9E2D4EFA}.Debug|x86.ActiveCfg = Debug|Any CPU
		{B6CFB4A1-5845-4C63-8D17-00DC9E2D4EFA}.Debug|x86.Build.0 = Debug|Any CPU
		{B6CFB4A1-5845-4C63-8D17-00DC9E2D4EFA}.Release|Any CPU.ActiveCfg = Release|Any CPU
		{B6CFB4A1-5845-4C63-8D17-00DC9E2D4EFA}.Release|Any CPU.Build.0 = Release|Any CPU
		{B6CFB4A1-5845-4C63-8D17-00DC9E2D4EFA}.Release|x64.ActiveCfg = Release|Any CPU
		{B6CFB4A1-5845-4C63-8D17-00DC9E2D4EFA}.Release|x64.Build.0 = Release|Any CPU
		{B6CFB4A1-5845-4C63-8D17-00DC9E2D4EFA}.Release|x86.ActiveCfg = Release|Any CPU
		{B6CFB4A1-5845-4C63-8D17-00DC9E2D4EFA}.Release|x86.Build.0 = Release|Any CPU
		{DB2B7880-EB38-4CBA-97B0-27DF4B4575B4}.Debug|Any CPU.ActiveCfg = Debug|Any CPU
		{DB2B7880-EB38-4CBA-97B0-27DF4B4575B4}.Debug|Any CPU.Build.0 = Debug|Any CPU
		{DB2B7880-EB38-4CBA-97B0-27DF4B4575B4}.Debug|x64.ActiveCfg = Debug|Any CPU
		{DB2B7880-EB38-4CBA-97B0-27DF4B4575B4}.Debug|x64.Build.0 = Debug|Any CPU
		{DB2B7880-EB38-4CBA-97B0-27DF4B4575B4}.Debug|x86.ActiveCfg = Debug|Any CPU
		{DB2B7880-EB38-4CBA-97B0-27DF4B4575B4}.Debug|x86.Build.0 = Debug|Any CPU
		{DB2B7880-EB38-4CBA-97B0-27DF4B4575B4}.Release|Any CPU.ActiveCfg = Release|Any CPU
		{DB2B7880-EB38-4CBA-97B0-27DF4B4575B4}.Release|Any CPU.Build.0 = Release|Any CPU
		{DB2B7880-EB38-4CBA-97B0-27DF4B4575B4}.Release|x64.ActiveCfg = Release|Any CPU
		{DB2B7880-EB38-4CBA-97B0-27DF4B4575B4}.Release|x64.Build.0 = Release|Any CPU
		{DB2B7880-EB38-4CBA-97B0-27DF4B4575B4}.Release|x86.ActiveCfg = Release|Any CPU
		{DB2B7880-EB38-4CBA-97B0-27DF4B4575B4}.Release|x86.Build.0 = Release|Any CPU
		{39DE60AB-5CBB-4F64-8DC9-3172E1DD2203}.Debug|Any CPU.ActiveCfg = Debug|Any CPU
		{39DE60AB-5CBB-4F64-8DC9-3172E1DD2203}.Debug|Any CPU.Build.0 = Debug|Any CPU
		{39DE60AB-5CBB-4F64-8DC9-3172E1DD2203}.Debug|x64.ActiveCfg = Debug|Any CPU
		{39DE60AB-5CBB-4F64-8DC9-3172E1DD2203}.Debug|x64.Build.0 = Debug|Any CPU
		{39DE60AB-5CBB-4F64-8DC9-3172E1DD2203}.Debug|x86.ActiveCfg = Debug|Any CPU
		{39DE60AB-5CBB-4F64-8DC9-3172E1DD2203}.Debug|x86.Build.0 = Debug|Any CPU
		{39DE60AB-5CBB-4F64-8DC9-3172E1DD2203}.Release|Any CPU.ActiveCfg = Release|Any CPU
		{39DE60AB-5CBB-4F64-8DC9-3172E1DD2203}.Release|Any CPU.Build.0 = Release|Any CPU
		{39DE60AB-5CBB-4F64-8DC9-3172E1DD2203}.Release|x64.ActiveCfg = Release|Any CPU
		{39DE60AB-5CBB-4F64-8DC9-3172E1DD2203}.Release|x64.Build.0 = Release|Any CPU
		{39DE60AB-5CBB-4F64-8DC9-3172E1DD2203}.Release|x86.ActiveCfg = Release|Any CPU
		{39DE60AB-5CBB-4F64-8DC9-3172E1DD2203}.Release|x86.Build.0 = Release|Any CPU
	EndGlobalSection
	GlobalSection(SolutionProperties) = preSolution
		HideSolutionNode = FALSE
	EndGlobalSection
	GlobalSection(ExtensibilityGlobals) = postSolution
		SolutionGuid = {2B5F6F9B-0A2F-4E8C-8B5C-0F3E5F6A7B8C}
	EndGlobalSection
EndGlobal
