Microsoft Visual Studio Solution File, Format Version 12.00
# Visual Studio Version 17
VisualStudioVersion = 17.5.2.0
MinimumVisualStudioVersion = 10.0.40219.1
Project("{FAE04EC0-301F-11D3-BF4B-00C04F79EFBC}") = "TWXP", "TWXP.csproj", "{7C62B458-001F-423B-C745-4E026D4125D0}"
EndProject
Global
	GlobalSection(SolutionConfigurationPlatforms) = preSolution
		Debug|Any CPU = Debug|Any CPU
		Release|Any CPU = Release|Any CPU
	EndGlobalSection
	GlobalSection(ProjectConfigurationPlatforms) = postSolution
		{7C62B458-001F-423B-C745-4E026D4125D0}.Debug|Any CPU.ActiveCfg = Debug|Any CPU
		{7C62B458-001F-423B-C745-4E026D4125D0}.Debug|Any CPU.Build.0 = Debug|Any CPU
		{7C62B458-001F-423B-C745-4E026D4125D0}.Release|Any CPU.ActiveCfg = Release|Any CPU
		{7C62B458-001F-423B-C745-4E026D4125D0}.Release|Any CPU.Build.0 = Release|Any CPU
	EndGlobalSection
	GlobalSection(SolutionProperties) = preSolution
		HideSolutionNode = FALSE
	EndGlobalSection
	GlobalSection(ExtensibilityGlobals) = postSolution
		SolutionGuid = {EE6B44D9-C6C4-4740-B817-B5177DB0A6B2}
	EndGlobalSection
EndGlobal
